// !$*UTF8*$!
{
	archiveVersion = 1;
	classes = {
	};
	objectVersion = 46;
	objects = {

/* Begin PBXBuildFile section */
		7F2233361A8140E3007A7B65 /* AppDelegate.swift in Sources */ = {isa = PBXBuildFile; fileRef = 7F2233351A8140E3007A7B65 /* AppDelegate.swift */; };
		7F2233381A8140E3007A7B65 /* ViewController.swift in Sources */ = {isa = PBXBuildFile; fileRef = 7F2233371A8140E3007A7B65 /* ViewController.swift */; };
		7F22333B1A8140E3007A7B65 /* Main.storyboard in Resources */ = {isa = PBXBuildFile; fileRef = 7F2233391A8140E3007A7B65 /* Main.storyboard */; };
		7F22333D1A8140E3007A7B65 /* Images.xcassets in Resources */ = {isa = PBXBuildFile; fileRef = 7F22333C1A8140E3007A7B65 /* Images.xcassets */; };
		7F2233401A8140E3007A7B65 /* LaunchScreen.xib in Resources */ = {isa = PBXBuildFile; fileRef = 7F22333E1A8140E3007A7B65 /* LaunchScreen.xib */; };
		7F22334C1A8140E3007A7B65 /* Pilot_thisTests.swift in Sources */ = {isa = PBXBuildFile; fileRef = 7F22334B1A8140E3007A7B65 /* Pilot_thisTests.swift */; };
		7F61D1A61A8BE385000D9DED /* crocs.jpg in Resources */ = {isa = PBXBuildFile; fileRef = 7F61D1A51A8BE385000D9DED /* crocs.jpg */; };
		7F61D1A81A8BE76A000D9DED /* laptopcase.png in Resources */ = {isa = PBXBuildFile; fileRef = 7F61D1A71A8BE76A000D9DED /* laptopcase.png */; };
		7F61D1AA1A8BEF75000D9DED /* NewViewController.swift in Sources */ = {isa = PBXBuildFile; fileRef = 7F61D1A91A8BEF75000D9DED /* NewViewController.swift */; };
		CC7048371A8BEC7B000795DF /* JBBarChartView.m in Sources */ = {isa = PBXBuildFile; fileRef = CC7048321A8BEC7B000795DF /* JBBarChartView.m */; };
		CC7048381A8BEC7B000795DF /* JBChartView.m in Sources */ = {isa = PBXBuildFile; fileRef = CC7048341A8BEC7B000795DF /* JBChartView.m */; };
		CC7048391A8BEC7B000795DF /* JBLineChartView.m in Sources */ = {isa = PBXBuildFile; fileRef = CC7048361A8BEC7B000795DF /* JBLineChartView.m */; };
		CC9B1EF81A8161DF00A136A9 /* graph.png in Resources */ = {isa = PBXBuildFile; fileRef = CC9B1EF71A8161DF00A136A9 /* graph.png */; };
		CC9B1EFA1A81691B00A136A9 /* scale.png in Resources */ = {isa = PBXBuildFile; fileRef = CC9B1EF91A81691B00A136A9 /* scale.png */; };
		CC9B1EFC1A816A8000A136A9 /* DetailsViewController.swift in Sources */ = {isa = PBXBuildFile; fileRef = CC9B1EFB1A816A8000A136A9 /* DetailsViewController.swift */; };
/* End PBXBuildFile section */

/* Begin PBXContainerItemProxy section */
		7F2233461A8140E3007A7B65 /* PBXContainerItemProxy */ = {
			isa = PBXContainerItemProxy;
			containerPortal = 7F2233281A8140E3007A7B65 /* Project object */;
			proxyType = 1;
			remoteGlobalIDString = 7F22332F1A8140E3007A7B65;
			remoteInfo = "Pilot this";
		};
/* End PBXContainerItemProxy section */

/* Begin PBXFileReference section */
		7F2233301A8140E3007A7B65 /* Pilot this.app */ = {isa = PBXFileReference; explicitFileType = wrapper.application; includeInIndex = 0; path = "Pilot this.app"; sourceTree = BUILT_PRODUCTS_DIR; };
		7F2233341A8140E3007A7B65 /* Info.plist */ = {isa = PBXFileReference; lastKnownFileType = text.plist.xml; path = Info.plist; sourceTree = "<group>"; };
		7F2233351A8140E3007A7B65 /* AppDelegate.swift */ = {isa = PBXFileReference; lastKnownFileType = sourcecode.swift; path = AppDelegate.swift; sourceTree = "<group>"; };
		7F2233371A8140E3007A7B65 /* ViewController.swift */ = {isa = PBXFileReference; lastKnownFileType = sourcecode.swift; path = ViewController.swift; sourceTree = "<group>"; };
		7F22333A1A8140E3007A7B65 /* Base */ = {isa = PBXFileReference; lastKnownFileType = file.storyboard; name = Base; path = Base.lproj/Main.storyboard; sourceTree = "<group>"; };
		7F22333C1A8140E3007A7B65 /* Images.xcassets */ = {isa = PBXFileReference; lastKnownFileType = folder.assetcatalog; path = Images.xcassets; sourceTree = "<group>"; };
		7F22333F1A8140E3007A7B65 /* Base */ = {isa = PBXFileReference; lastKnownFileType = file.xib; name = Base; path = Base.lproj/LaunchScreen.xib; sourceTree = "<group>"; };
		7F2233451A8140E3007A7B65 /* Pilot thisTests.xctest */ = {isa = PBXFileReference; explicitFileType = wrapper.cfbundle; includeInIndex = 0; path = "Pilot thisTests.xctest"; sourceTree = BUILT_PRODUCTS_DIR; };
		7F22334A1A8140E3007A7B65 /* Info.plist */ = {isa = PBXFileReference; lastKnownFileType = text.plist.xml; path = Info.plist; sourceTree = "<group>"; };
		7F22334B1A8140E3007A7B65 /* Pilot_thisTests.swift */ = {isa = PBXFileReference; lastKnownFileType = sourcecode.swift; path = Pilot_thisTests.swift; sourceTree = "<group>"; };
		7F61D1A51A8BE385000D9DED /* crocs.jpg */ = {isa = PBXFileReference; lastKnownFileType = image.jpeg; path = crocs.jpg; sourceTree = "<group>"; };
		7F61D1A71A8BE76A000D9DED /* laptopcase.png */ = {isa = PBXFileReference; lastKnownFileType = image.png; path = laptopcase.png; sourceTree = "<group>"; };
		7F61D1A91A8BEF75000D9DED /* NewViewController.swift */ = {isa = PBXFileReference; fileEncoding = 4; lastKnownFileType = sourcecode.swift; path = NewViewController.swift; sourceTree = "<group>"; };
		CC7048311A8BEC7B000795DF /* JBBarChartView.h */ = {isa = PBXFileReference; fileEncoding = 4; lastKnownFileType = sourcecode.c.h; path = JBBarChartView.h; sourceTree = "<group>"; };
		CC7048321A8BEC7B000795DF /* JBBarChartView.m */ = {isa = PBXFileReference; fileEncoding = 4; lastKnownFileType = sourcecode.c.objc; path = JBBarChartView.m; sourceTree = "<group>"; };
		CC7048331A8BEC7B000795DF /* JBChartView.h */ = {isa = PBXFileReference; fileEncoding = 4; lastKnownFileType = sourcecode.c.h; path = JBChartView.h; sourceTree = "<group>"; };
		CC7048341A8BEC7B000795DF /* JBChartView.m */ = {isa = PBXFileReference; fileEncoding = 4; lastKnownFileType = sourcecode.c.objc; path = JBChartView.m; sourceTree = "<group>"; };
		CC7048351A8BEC7B000795DF /* JBLineChartView.h */ = {isa = PBXFileReference; fileEncoding = 4; lastKnownFileType = sourcecode.c.h; path = JBLineChartView.h; sourceTree = "<group>"; };
		CC7048361A8BEC7B000795DF /* JBLineChartView.m */ = {isa = PBXFileReference; fileEncoding = 4; lastKnownFileType = sourcecode.c.objc; path = JBLineChartView.m; sourceTree = "<group>"; };
		CC70483A1A8BEC93000795DF /* JBChartView-Bridging-Header.h */ = {isa = PBXFileReference; lastKnownFileType = sourcecode.c.h; name = "JBChartView-Bridging-Header.h"; path = "Pilot this/JBChartView-Bridging-Header.h"; sourceTree = SOURCE_ROOT; };
		CC9B1EF71A8161DF00A136A9 /* graph.png */ = {isa = PBXFileReference; lastKnownFileType = image.png; path = graph.png; sourceTree = "<group>"; };
		CC9B1EF91A81691B00A136A9 /* scale.png */ = {isa = PBXFileReference; lastKnownFileType = image.png; path = scale.png; sourceTree = "<group>"; };
		CC9B1EFB1A816A8000A136A9 /* DetailsViewController.swift */ = {isa = PBXFileReference; fileEncoding = 4; lastKnownFileType = sourcecode.swift; path = DetailsViewController.swift; sourceTree = "<group>"; };
/* End PBXFileReference section */

/* Begin PBXFrameworksBuildPhase section */
		7F22332D1A8140E3007A7B65 /* Frameworks */ = {
			isa = PBXFrameworksBuildPhase;
			buildActionMask = 2147483647;
			files = (
			);
			runOnlyForDeploymentPostprocessing = 0;
		};
		7F2233421A8140E3007A7B65 /* Frameworks */ = {
			isa = PBXFrameworksBuildPhase;
			buildActionMask = 2147483647;
			files = (
			);
			runOnlyForDeploymentPostprocessing = 0;
		};
/* End PBXFrameworksBuildPhase section */

/* Begin PBXGroup section */
		7F2233271A8140E3007A7B65 = {
			isa = PBXGroup;
			children = (
				7F2233321A8140E3007A7B65 /* Pilot this */,
				7F2233481A8140E3007A7B65 /* Pilot thisTests */,
				7F2233311A8140E3007A7B65 /* Products */,
			);
			sourceTree = "<group>";
		};
		7F2233311A8140E3007A7B65 /* Products */ = {
			isa = PBXGroup;
			children = (
				7F2233301A8140E3007A7B65 /* Pilot this.app */,
				7F2233451A8140E3007A7B65 /* Pilot thisTests.xctest */,
			);
			name = Products;
			sourceTree = "<group>";
		};
		7F2233321A8140E3007A7B65 /* Pilot this */ = {
			isa = PBXGroup;
			children = (
				7F2233351A8140E3007A7B65 /* AppDelegate.swift */,
				7F2233371A8140E3007A7B65 /* ViewController.swift */,
				CC9B1EFB1A816A8000A136A9 /* DetailsViewController.swift */,
				7F2233391A8140E3007A7B65 /* Main.storyboard */,
				7F61D1A91A8BEF75000D9DED /* NewViewController.swift */,
				7F22333C1A8140E3007A7B65 /* Images.xcassets */,
				7F61D1A71A8BE76A000D9DED /* laptopcase.png */,
				7F61D1A51A8BE385000D9DED /* crocs.jpg */,
				CC9B1EF71A8161DF00A136A9 /* graph.png */,
				CC9B1EF91A81691B00A136A9 /* scale.png */,
				7F22333E1A8140E3007A7B65 /* LaunchScreen.xib */,
				CC70483A1A8BEC93000795DF /* JBChartView-Bridging-Header.h */,
				CC7048301A8BEC7B000795DF /* JBChartView */,
				7F2233331A8140E3007A7B65 /* Supporting Files */,
			);
			path = "Pilot this";
			sourceTree = "<group>";
		};
		7F2233331A8140E3007A7B65 /* Supporting Files */ = {
			isa = PBXGroup;
			children = (
				7F2233341A8140E3007A7B65 /* Info.plist */,
			);
			name = "Supporting Files";
			sourceTree = "<group>";
		};
		7F2233481A8140E3007A7B65 /* Pilot thisTests */ = {
			isa = PBXGroup;
			children = (
				7F22334B1A8140E3007A7B65 /* Pilot_thisTests.swift */,
				7F2233491A8140E3007A7B65 /* Supporting Files */,
			);
			path = "Pilot thisTests";
			sourceTree = "<group>";
		};
		7F2233491A8140E3007A7B65 /* Supporting Files */ = {
			isa = PBXGroup;
			children = (
				7F22334A1A8140E3007A7B65 /* Info.plist */,
			);
			name = "Supporting Files";
			sourceTree = "<group>";
		};
		CC7048301A8BEC7B000795DF /* JBChartView */ = {
			isa = PBXGroup;
			children = (
				CC7048311A8BEC7B000795DF /* JBBarChartView.h */,
				CC7048321A8BEC7B000795DF /* JBBarChartView.m */,
				CC7048331A8BEC7B000795DF /* JBChartView.h */,
				CC7048341A8BEC7B000795DF /* JBChartView.m */,
				CC7048351A8BEC7B000795DF /* JBLineChartView.h */,
				CC7048361A8BEC7B000795DF /* JBLineChartView.m */,
			);
			path = JBChartView;
			sourceTree = "<group>";
		};
/* End PBXGroup section */

/* Begin PBXNativeTarget section */
		7F22332F1A8140E3007A7B65 /* Pilot this */ = {
			isa = PBXNativeTarget;
			buildConfigurationList = 7F22334F1A8140E3007A7B65 /* Build configuration list for PBXNativeTarget "Pilot this" */;
			buildPhases = (
				7F22332C1A8140E3007A7B65 /* Sources */,
				7F22332D1A8140E3007A7B65 /* Frameworks */,
				7F22332E1A8140E3007A7B65 /* Resources */,
			);
			buildRules = (
			);
			dependencies = (
			);
			name = "Pilot this";
			productName = "Pilot this";
			productReference = 7F2233301A8140E3007A7B65 /* Pilot this.app */;
			productType = "com.apple.product-type.application";
		};
		7F2233441A8140E3007A7B65 /* Pilot thisTests */ = {
			isa = PBXNativeTarget;
			buildConfigurationList = 7F2233521A8140E3007A7B65 /* Build configuration list for PBXNativeTarget "Pilot thisTests" */;
			buildPhases = (
				7F2233411A8140E3007A7B65 /* Sources */,
				7F2233421A8140E3007A7B65 /* Frameworks */,
				7F2233431A8140E3007A7B65 /* Resources */,
			);
			buildRules = (
			);
			dependencies = (
				7F2233471A8140E3007A7B65 /* PBXTargetDependency */,
			);
			name = "Pilot thisTests";
			productName = "Pilot thisTests";
			productReference = 7F2233451A8140E3007A7B65 /* Pilot thisTests.xctest */;
			productType = "com.apple.product-type.bundle.unit-test";
		};
/* End PBXNativeTarget section */

/* Begin PBXProject section */
		7F2233281A8140E3007A7B65 /* Project object */ = {
			isa = PBXProject;
			attributes = {
				LastUpgradeCheck = 0610;
				ORGANIZATIONNAME = BlueKoala;
				TargetAttributes = {
					7F22332F1A8140E3007A7B65 = {
						CreatedOnToolsVersion = 6.1.1;
					};
					7F2233441A8140E3007A7B65 = {
						CreatedOnToolsVersion = 6.1.1;
						TestTargetID = 7F22332F1A8140E3007A7B65;
					};
				};
			};
			buildConfigurationList = 7F22332B1A8140E3007A7B65 /* Build configuration list for PBXProject "Pilot this" */;
			compatibilityVersion = "Xcode 3.2";
			developmentRegion = English;
			hasScannedForEncodings = 0;
			knownRegions = (
				en,
				Base,
			);
			mainGroup = 7F2233271A8140E3007A7B65;
			productRefGroup = 7F2233311A8140E3007A7B65 /* Products */;
			projectDirPath = "";
			projectRoot = "";
			targets = (
				7F22332F1A8140E3007A7B65 /* Pilot this */,
				7F2233441A8140E3007A7B65 /* Pilot thisTests */,
			);
		};
/* End PBXProject section */

/* Begin PBXResourcesBuildPhase section */
		7F22332E1A8140E3007A7B65 /* Resources */ = {
			isa = PBXResourcesBuildPhase;
			buildActionMask = 2147483647;
			files = (
				7F22333B1A8140E3007A7B65 /* Main.storyboard in Resources */,
				7F2233401A8140E3007A7B65 /* LaunchScreen.xib in Resources */,
				CC9B1EFA1A81691B00A136A9 /* scale.png in Resources */,
				CC9B1EF81A8161DF00A136A9 /* graph.png in Resources */,
				7F61D1A81A8BE76A000D9DED /* laptopcase.png in Resources */,
				7F61D1A61A8BE385000D9DED /* crocs.jpg in Resources */,
				7F22333D1A8140E3007A7B65 /* Images.xcassets in Resources */,
			);
			runOnlyForDeploymentPostprocessing = 0;
		};
		7F2233431A8140E3007A7B65 /* Resources */ = {
			isa = PBXResourcesBuildPhase;
			buildActionMask = 2147483647;
			files = (
			);
			runOnlyForDeploymentPostprocessing = 0;
		};
/* End PBXResourcesBuildPhase section */

/* Begin PBXSourcesBuildPhase section */
		7F22332C1A8140E3007A7B65 /* Sources */ = {
			isa = PBXSourcesBuildPhase;
			buildActionMask = 2147483647;
			files = (
				7F2233381A8140E3007A7B65 /* ViewController.swift in Sources */,
				CC7048391A8BEC7B000795DF /* JBLineChartView.m in Sources */,
				CC7048371A8BEC7B000795DF /* JBBarChartView.m in Sources */,
				7F2233361A8140E3007A7B65 /* AppDelegate.swift in Sources */,
				CC7048381A8BEC7B000795DF /* JBChartView.m in Sources */,
				CC9B1EFC1A816A8000A136A9 /* DetailsViewController.swift in Sources */,
				7F61D1AA1A8BEF75000D9DED /* NewViewController.swift in Sources */,
			);
			runOnlyForDeploymentPostprocessing = 0;
		};
		7F2233411A8140E3007A7B65 /* Sources */ = {
			isa = PBXSourcesBuildPhase;
			buildActionMask = 2147483647;
			files = (
				7F22334C1A8140E3007A7B65 /* Pilot_thisTests.swift in Sources */,
			);
			runOnlyForDeploymentPostprocessing = 0;
		};
/* End PBXSourcesBuildPhase section */

/* Begin PBXTargetDependency section */
		7F2233471A8140E3007A7B65 /* PBXTargetDependency */ = {
			isa = PBXTargetDependency;
			target = 7F22332F1A8140E3007A7B65 /* Pilot this */;
			targetProxy = 7F2233461A8140E3007A7B65 /* PBXContainerItemProxy */;
		};
/* End PBXTargetDependency section */

/* Begin PBXVariantGroup section */
		7F2233391A8140E3007A7B65 /* Main.storyboard */ = {
			isa = PBXVariantGroup;
			children = (
				7F22333A1A8140E3007A7B65 /* Base */,
			);
			name = Main.storyboard;
			sourceTree = "<group>";
		};
		7F22333E1A8140E3007A7B65 /* LaunchScreen.xib */ = {
			isa = PBXVariantGroup;
			children = (
				7F22333F1A8140E3007A7B65 /* Base */,
			);
			name = LaunchScreen.xib;
			sourceTree = "<group>";
		};
/* End PBXVariantGroup section */

/* Begin XCBuildConfiguration section */
		7F22334D1A8140E3007A7B65 /* Debug */ = {
			isa = XCBuildConfiguration;
			buildSettings = {
				ALWAYS_SEARCH_USER_PATHS = NO;
				CLANG_CXX_LANGUAGE_STANDARD = "gnu++0x";
				CLANG_CXX_LIBRARY = "libc++";
				CLANG_ENABLE_MODULES = YES;
				CLANG_ENABLE_OBJC_ARC = YES;
				CLANG_WARN_BOOL_CONVERSION = YES;
				CLANG_WARN_CONSTANT_CONVERSION = YES;
				CLANG_WARN_DIRECT_OBJC_ISA_USAGE = YES_ERROR;
				CLANG_WARN_EMPTY_BODY = YES;
				CLANG_WARN_ENUM_CONVERSION = YES;
				CLANG_WARN_INT_CONVERSION = YES;
				CLANG_WARN_OBJC_ROOT_CLASS = YES_ERROR;
				CLANG_WARN_UNREACHABLE_CODE = YES;
				CLANG_WARN__DUPLICATE_METHOD_MATCH = YES;
				"CODE_SIGN_IDENTITY[sdk=iphoneos*]" = "iPhone Developer";
				COPY_PHASE_STRIP = NO;
				ENABLE_STRICT_OBJC_MSGSEND = YES;
				GCC_C_LANGUAGE_STANDARD = gnu99;
				GCC_DYNAMIC_NO_PIC = NO;
				GCC_OPTIMIZATION_LEVEL = 0;
				GCC_PREPROCESSOR_DEFINITIONS = (
					"DEBUG=1",
					"$(inherited)",
				);
				GCC_SYMBOLS_PRIVATE_EXTERN = NO;
				GCC_WARN_64_TO_32_BIT_CONVERSION = YES;
				GCC_WARN_ABOUT_RETURN_TYPE = YES_ERROR;
				GCC_WARN_UNDECLARED_SELECTOR = YES;
				GCC_WARN_UNINITIALIZED_AUTOS = YES_AGGRESSIVE;
				GCC_WARN_UNUSED_FUNCTION = YES;
				GCC_WARN_UNUSED_VARIABLE = YES;
				IPHONEOS_DEPLOYMENT_TARGET = 8.1;
				MTL_ENABLE_DEBUG_INFO = YES;
				ONLY_ACTIVE_ARCH = YES;
				SDKROOT = iphoneos;
				SWIFT_OPTIMIZATION_LEVEL = "-Onone";
			};
			name = Debug;
		};
		7F22334E1A8140E3007A7B65 /* Release */ = {
			isa = XCBuildConfiguration;
			buildSettings = {
				ALWAYS_SEARCH_USER_PATHS = NO;
				CLANG_CXX_LANGUAGE_STANDARD = "gnu++0x";
				CLANG_CXX_LIBRARY = "libc++";
				CLANG_ENABLE_MODULES = YES;
				CLANG_ENABLE_OBJC_ARC = YES;
				CLANG_WARN_BOOL_CONVERSION = YES;
				CLANG_WARN_CONSTANT_CONVERSION = YES;
				CLANG_WARN_DIRECT_OBJC_ISA_USAGE = YES_ERROR;
				CLANG_WARN_EMPTY_BODY = YES;
				CLANG_WARN_ENUM_CONVERSION = YES;
				CLANG_WARN_INT_CONVERSION = YES;
				CLANG_WARN_OBJC_ROOT_CLASS = YES_ERROR;
				CLANG_WARN_UNREACHABLE_CODE = YES;
				CLANG_WARN__DUPLICATE_METHOD_MATCH = YES;
				"CODE_SIGN_IDENTITY[sdk=iphoneos*]" = "iPhone Developer";
				COPY_PHASE_STRIP = YES;
				ENABLE_NS_ASSERTIONS = NO;
				ENABLE_STRICT_OBJC_MSGSEND = YES;
				GCC_C_LANGUAGE_STANDARD = gnu99;
				GCC_WARN_64_TO_32_BIT_CONVERSION = YES;
				GCC_WARN_ABOUT_RETURN_TYPE = YES_ERROR;
				GCC_WARN_UNDECLARED_SELECTOR = YES;
				GCC_WARN_UNINITIALIZED_AUTOS = YES_AGGRESSIVE;
				GCC_WARN_UNUSED_FUNCTION = YES;
				GCC_WARN_UNUSED_VARIABLE = YES;
				IPHONEOS_DEPLOYMENT_TARGET = 8.1;
				MTL_ENABLE_DEBUG_INFO = NO;
				SDKROOT = iphoneos;
				VALIDATE_PRODUCT = YES;
			};
			name = Release;
		};
		7F2233501A8140E3007A7B65 /* Debug */ = {
			isa = XCBuildConfiguration;
			buildSettings = {
				ASSETCATALOG_COMPILER_APPICON_NAME = AppIcon;
				INFOPLIST_FILE = "Pilot this/Info.plist";
				LD_RUNPATH_SEARCH_PATHS = "$(inherited) @executable_path/Frameworks";
				PRODUCT_NAME = "$(TARGET_NAME)";
				SWIFT_OBJC_BRIDGING_HEADER = "Pilot this/JBChartView-Bridging-Header.h";
			};
			name = Debug;
		};
		7F2233511A8140E3007A7B65 /* Release */ = {
			isa = XCBuildConfiguration;
			buildSettings = {
				ASSETCATALOG_COMPILER_APPICON_NAME = AppIcon;
				INFOPLIST_FILE = "Pilot this/Info.plist";
				LD_RUNPATH_SEARCH_PATHS = "$(inherited) @executable_path/Frameworks";
				PRODUCT_NAME = "$(TARGET_NAME)";
				SWIFT_OBJC_BRIDGING_HEADER = "Pilot this/JBChartView-Bridging-Header.h";
			};
			name = Release;
		};
		7F2233531A8140E3007A7B65 /* Debug */ = {
			isa = XCBuildConfiguration;
			buildSettings = {
				BUNDLE_LOADER = "$(TEST_HOST)";
				FRAMEWORK_SEARCH_PATHS = (
					"$(SDKROOT)/Developer/Library/Frameworks",
					"$(inherited)",
				);
				GCC_PREPROCESSOR_DEFINITIONS = (
					"DEBUG=1",
					"$(inherited)",
				);
				INFOPLIST_FILE = "Pilot thisTests/Info.plist";
				LD_RUNPATH_SEARCH_PATHS = "$(inherited) @executable_path/Frameworks @loader_path/Frameworks";
				PRODUCT_NAME = "$(TARGET_NAME)";
				TEST_HOST = "$(BUILT_PRODUCTS_DIR)/Pilot this.app/Pilot this";
			};
			name = Debug;
		};
		7F2233541A8140E3007A7B65 /* Release */ = {
			isa = XCBuildConfiguration;
			buildSettings = {
				BUNDLE_LOADER = "$(TEST_HOST)";
				FRAMEWORK_SEARCH_PATHS = (
					"$(SDKROOT)/Developer/Library/Frameworks",
					"$(inherited)",
				);
				INFOPLIST_FILE = "Pilot thisTests/Info.plist";
				LD_RUNPATH_SEARCH_PATHS = "$(inherited) @executable_path/Frameworks @loader_path/Frameworks";
				PRODUCT_NAME = "$(TARGET_NAME)";
				TEST_HOST = "$(BUILT_PRODUCTS_DIR)/Pilot this.app/Pilot this";
			};
			name = Release;
		};
/* End XCBuildConfiguration section */

/* Begin XCConfigurationList section */
		7F22332B1A8140E3007A7B65 /* Build configuration list for PBXProject "Pilot this" */ = {
			isa = XCConfigurationList;
			buildConfigurations = (
				7F22334D1A8140E3007A7B65 /* Debug */,
				7F22334E1A8140E3007A7B65 /* Release */,
			);
			defaultConfigurationIsVisible = 0;
			defaultConfigurationName = Release;
		};
		7F22334F1A8140E3007A7B65 /* Build configuration list for PBXNativeTarget "Pilot this" */ = {
			isa = XCConfigurationList;
			buildConfigurations = (
				7F2233501A8140E3007A7B65 /* Debug */,
				7F2233511A8140E3007A7B65 /* Release */,
			);
			defaultConfigurationIsVisible = 0;
			defaultConfigurationName = Release;
		};
		7F2233521A8140E3007A7B65 /* Build configuration list for PBXNativeTarget "Pilot thisTests" */ = {
			isa = XCConfigurationList;
			buildConfigurations = (
				7F2233531A8140E3007A7B65 /* Debug */,
				7F2233541A8140E3007A7B65 /* Release */,
			);
			defaultConfigurationIsVisible = 0;
			defaultConfigurationName = Release;
		};
/* End XCConfigurationList section */
	};
	rootObject = 7F2233281A8140E3007A7B65 /* Project object */;
}
